# Pinned upstream donors. Clones live in .donors/<id>/ (gitignored, full clones).
# Re-sync is a reviewable proposal, never automatic (plan §1.4).
schema_version: 1
pinned_at: "2026-09-18"
donors:
  - id: compound-engineering
    repo: EveryInc/compound-engineering-plugin
    url: https://github.com/EveryInc/compound-engineering-plugin
    path: .donors/EveryInc_compound-engineering-plugin
    commit: 05c42da94fd318fa081f29d17bf947762aa477b1
    commit_date: "2026-09-18T16:31:43-07:00"
    license: MIT
    copyright: "Copyright (c) 2025 Every"
    license_file: provenance/licenses/EveryInc_compound-engineering-plugin.LICENSE
  - id: superpowers
    repo: obra/superpowers
    url: https://github.com/obra/superpowers
    path: .donors/obra_superpowers
    commit: b36e0829c6d0140e93cfef2ca599b1b07d4a7797
    commit_date: "2026-08-12T09:53:21-07:00"
    license: MIT
    copyright: "Copyright (c) 2025 Jesse Vincent"
    license_file: provenance/licenses/obra_superpowers.LICENSE
  - id: pocock
    repo: mattpocock/skills
    url: https://github.com/mattpocock/skills
    path: .donors/mattpocock_skills
    commit: c55ee46073ed923f86ce59a5eb3b6d895095d1b7
    commit_date: "2026-09-18T11:12:29+01:00"
    license: MIT
    copyright: "Copyright (c) 2026 Matt Pocock"
    license_file: provenance/licenses/mattpocock_skills.LICENSE
  - id: builderio-skills
    repo: BuilderIO/skills
    url: https://github.com/BuilderIO/skills
    path: .donors/BuilderIO_skills
    commit: eb07be67e6d924b958445f706f5ac386243df6b4
    commit_date: "2026-09-30T21:32:10Z"
    license: MIT
    copyright: "Copyright (c) 2026 Builder.io"
    license_file: provenance/licenses/BuilderIO_skills.LICENSE
  - id: addy
    repo: addyosmani/agent-skills
    url: https://github.com/addyosmani/agent-skills
    path: .donors/addyosmani_agent-skills
    commit: c004a74784a08295d52749b04cda634125b9a581
    commit_date: "2026-09-17T20:32:15-07:00"
    license: MIT
    copyright: "Copyright (c) 2025 Addy Osmani"
    license_file: provenance/licenses/addyosmani_agent-skills.LICENSE
  - id: omc
    repo: Yeachan-Heo/oh-my-claudecode
    url: https://github.com/Yeachan-Heo/oh-my-claudecode
    path: .donors/Yeachan-Heo_oh-my-claudecode
    commit: 5281b19e0d64f8e6dc6767f2130299a88af2dc71
    commit_date: "2026-09-11T21:10:36+09:00"
    license: MIT
    copyright: "Copyright (c) 2025 Yeachan Heo"
    license_file: provenance/licenses/Yeachan-Heo_oh-my-claudecode.LICENSE
  - id: omx
    repo: Yeachan-Heo/oh-my-codex
    url: https://github.com/Yeachan-Heo/oh-my-codex
    path: .donors/Yeachan-Heo_oh-my-codex
    commit: cb955b0d5becbef76d2c1f0096b6e1f238e1e7f7
    commit_date: "2026-09-11T15:00:29+09:00"
    license: MIT
    copyright: "Copyright (c) 2026 Yeachan-Heo"
    license_file: provenance/licenses/Yeachan-Heo_oh-my-codex.LICENSE
  # The two learning-stack donors (ruling `learning-runtime-is-host-adapter`). claude-mem is the
  # first donor that is not MIT: Apache-2.0 obliges a copy of the licence, its NOTICE text carried
  # in ours, and a statement that files were changed. `notice_file` holds the NOTICE verbatim;
  # the root NOTICE reproduces it; every adapted file's row in provenance/adaptations.d/learning.yaml
  # says what was changed.
  - id: claude-mem
    repo: thedotmack/claude-mem
    url: https://github.com/thedotmack/claude-mem
    path: .donors/thedotmack_claude-mem
    commit: 02cd0c9c47e38a849e764477290c571e84dfa043
    commit_date: "2026-09-24T18:11:49-07:00"
    license: Apache-2.0
    copyright: "Copyright 2026 Alex Newman"
    license_file: provenance/licenses/thedotmack_claude-mem.LICENSE
    notice_file: provenance/licenses/thedotmack_claude-mem.NOTICE
  - id: claude-reflect
    repo: BayramAnnakov/claude-reflect
    url: https://github.com/BayramAnnakov/claude-reflect
    path: .donors/BayramAnnakov_claude-reflect
    commit: 2c892cab8fe1285d8116216ec18b6b7b44bcd394
    commit_date: "2026-09-19T23:13:35-07:00"
    license: MIT
    copyright: "Copyright (c) 2025 Bayram Annakov"
    license_file: provenance/licenses/BayramAnnakov_claude-reflect.LICENSE
# ---------------------------------------------------------------------------
# Local sources: third-party or design material held in-repo rather than at a
# donor pin. This block is the register that says what these files are, who owns
# them, and how they may be cited.
#
# Two fields of it are machine-read. `working_copy`, `sha256` and `lines` are
# recomputed on every run by provenance.local-source-modified; the rest of the
# block is documentation. That is a narrower claim than it sounds: the check
# verifies the file is the one the digest was taken against, and says nothing
# about whether any locator citing it points at the right part of it.
#
# DECISION (2026-09-19; exercised 2026-09-30): a local source is real
# provenance. Its `source:` spelling stayed reserved until a real row needed it;
# the delegation reports are the first exercised cases.
#
#   Why they are real provenance and not fabrications. A local source is
#   material this repository actually holds and actually distributes. The MIT
#   obligation that attaches to holding it is discharged here, in NOTICE, and in
#   provenance/licenses/ - `license`, `copyright` and `attribution_donor` below
#   are that discharge. That obligation is separate from an adaptations row,
#   which records a derivation rather than a holding: a file held but derived
#   from owes attribution and still carries no row.
#
#   Why the route stayed deferred. Cite the pin wherever the claim survives there. For
#   pocock-two-axis-backup, every claim batch 2 drew on survives at the pin
#   verbatim, so every one of them cites the pin. The per-entry `relation_to_pin`
#   below records the measured divergence and the two ways citing this copy by
#   its own line numbers goes wrong.
#
#   The implemented spelling:
#
#       local:<local_source_id>@sha256:<64-hex>[#L<start>-<end>]
#
#   It resolves an id through this block exactly as an adaptations row resolves a
#   donor id through `donors:`, so license and copyright keep one lookup rule. It
#   cannot be misparsed as a donor source: `parseDonorSource`
#   (src/validation/provenance.ts) forbids `:` in its first group, so the two
#   grammars are disjoint. `parseLocalAdaptationSource` resolves the local form;
#   a malformed value still fails loudly as `provenance.malformed-source`.
#
#   The digest is mandatory and a bare line number is forbidden. A G:L range into
#   the design transcript is safe because there is only one transcript; a line
#   range into a file that has a near-twin at a pin is safe only when it is
#   anchored to content. See `relation_to_pin.numbering`.
#
#   The implementation verifies that the row digest, this block's digest and
#   sha256(working_copy) agree and that any line range is in bounds. The check
#   needs no clone and runs unconditionally, unlike donor-path-at-pin. The
#   generated adaptations header names both accepted forms.
#
# AUTHORING.md's "Provenance law" section carries the operative rule for writers;
# this block carries the evidence, so that neither has to be re-derived. The
# section is named rather than numbered because a number binds a position and
# renumbering would silently repoint this.
# ---------------------------------------------------------------------------
local_sources:
  - id: pocock-two-axis-backup
    description: Original Pocock Standards/Spec two-axis code-review SKILL.md, preserved before OMX overwrote the local copy.
    original_path: ~/.omx/backups/setup/2026-07-15T23-45-31.075Z/.codex/skills/code-review/SKILL.md
    working_copy: research/sources/pocock-code-review-two-axis.SKILL.md
    sha256: 6a65cc61114f96db07ec41e3920e67c9c5bf70dd6e0901eb9460ebcb2bdc209f
    lines: 89
    license: MIT
    copyright: "Copyright (c) 2026 Matt Pocock"
    # The pinned donor whose license and copyright govern this file. Absence of
    # this field means no upstream author, which is the `conversation` entry.
    attribution_donor: pocock
    # No adaptations row cites this file. See `relation_to_pin.guidance`.
    cited_in_adaptations: false
    relation_to_pin:
      donor_path: skills/engineering/code-review/SKILL.md
      donor_sha256: 47f4e52c21694def9c7c11cbfbf891ca35eac7a93e395797515be3c8a409ae50
      identical: false
      evidence: >-
        A sibling revision of the same work, not the bytes at the pin: 87 lines there, 89 here,
        58 lines differing. That last figure is literally true and substantively misleading -
        nearly all of it is typography, a colon restyled to an em dash and changed quote glyphs.
        Normalised for punctuation, the substance differs in exactly three places: this copy
        writes "PRD/spec" where the pin writes "spec" (here L3, L9, L31); it carries a sub-agent
        dispatch sentence at L60 that the pin does not have; and it words the issue-tracker
        instruction differently. The twelve-item Fowler smell baseline, both rules binding it,
        both sub-agent briefs, the aggregation rules and the "why two axes" rationale are
        word-identical.
      numbering: >-
        Line numbers here do not correspond to the pin's, and the offset is not constant: the
        extra line at L60 shifts the tail, and six further tail lines differ on their own account.
        Two ranges first cited by this file's numbering land, at the pin's same numbers, on real
        text saying something else. L78 here is the no-merge-no-rerank rule, while L78 at the pin
        is the one-line-summary rule; L86-87 here are the two divergence examples, while L86-87 at
        the pin are the conclusion drawn from them. Both resolve. Both would have been wrong.
        Re-read at the pin; never renumber by arithmetic.
      guidance: >-
        Cite the pin wherever the claim survives there, which for this file is nearly everywhere.
        Where a claim does not survive, prefer the pin's wording on its merits anyway: it is the
        later revision, and "spec" is this catalog's own vocabulary where this copy says "PRD".
        Only a body that must adapt wording existing solely here would need the reserved `local:`
        spelling, and that need is the trigger described above.
  - id: conversation
    description: Design transcript (Grok) that specified the catalog. Cited as G:L<start>-<end>.
    working_copy: research/sources/grok-transcript.md
    # `sha256` and `lines` are the anchor, and the anchor is what makes a line
    # number evidence. A G:L range is a position, and a position means nothing
    # without the content it was taken against: insert a paragraph at line 400
    # and every later range still parses, still passes its bounds check, and now
    # points at the wrong text. Before these two fields the check answered the
    # same way whether the locators were right or wrong, so it was not evidence.
    #
    # The cost is deliberate and was ruled on. Any edit to this file -- including
    # a typo fix -- fails validation until the locators that cite it are
    # re-derived. That is expensive and it is the point: the same edit without
    # the anchor costs exactly as much work and nobody learns they owe it. These
    # are vendored research inputs with no editing workflow to preserve.
    sha256: b2b20986e23b69aaa66f43c3fc45a969c913b674c4c4353411ed8fa6e8a2f408
    # 2265, not the 2264 `wc -l` reports. This file does not end in a newline, so
    # `wc -l` -- which counts newlines -- misses the last line. The range checker
    # counts lines, and a G:L citing 2265 resolves there, so a register saying
    # 2264 would contradict the bounds check it exists to underwrite. The first
    # run of this check caught exactly that, because the figure was derived with
    # `wc -l` by the person writing the check.
    lines: 2265
  - id: plan
    description: >-
      The governing design document: phases, batches, gates and the 29 release
      scenarios. Cited as `plan §<section>` and as `arch §<section>` -- two
      spellings of this one file, and the file's name is the trap. The
      `-repo-plan` suffix is why a second spelling grew: ADR-0001 gives this
      path as its authority "§1.2, §8", then calls those same sections "the
      architecture doc" and cites "arch §8". There is no separate architecture
      document to hold. The *implementation* plan is a third document, is not in
      this tree, and `plan §N` never means it.
    working_copy: research/sources/engineering-skills-repo-plan.md
    # Anchored for the same reason as the transcript, against a weaker failure
    # mode. A `plan §N` reference resolves against a heading rather than a line,
    # so renumbering breaks it loudly where a mid-file insertion would not. What
    # the digest adds is the case renumbering does not cover: §7's *body* being
    # rewritten under a heading that still reads `## 7.`, which every reference
    # to it survives while meaning something else.
    sha256: 85d4065b464c876dc3e9c5f1c087b15b7b7729c49984129693f281d53cc493a3
    lines: 696
  - id: wikiskill-summary
    description: >-
      A third-party summary, not the paper, of Tang, Rashtchian, Ferng, Tomkins, Juan and Vu,
      "WikiSkill: Compiling Agent Experience into Persistent Knowledge for Skill Evolution",
      arXiv:2608.27454v1, 27 August 2026. Supplied by the maintainer in the planning session for the
      learning stack and reproduced verbatim with its line breaks restored. It is the design
      authority research/dossiers/learning.md cites for the raw, wiki and policy layering; a claim
      drawn from it is a claim about the summary until checked against the paper.
    working_copy: research/sources/wikiskill-summary.md
    sha256: 6c943a6b5dcc1f115cf1a9bea2a16b781c8c80d310e7385697e645b433dabd8a
    lines: 1278
    # No upstream author whose licence governs the copy, and no adaptations row cites it: nothing
    # in the catalog is adapted from its text, only designed after the structure it describes.
    cited_in_adaptations: false
  - id: delegation-rubric-red-yellow-green
    description: >-
      Report 1 of the "Risk Tiering and Slop Avoidance" mission, "Scoring Work Items Red, Yellow, or
      Green for AI Coding Agents: A Rubric for Ticket Triage and Merge Readiness". A captain-owned
      document supplied for this repository as a markdown export and reproduced byte-for-byte.
      research/dossiers/delegation.md cites it as D:L<start>-<end>.
    original_path: ~/orca/projects/firstmate/data/agent-kit-delegation-research/inputs/report-1-delegation-rubric.md
    working_copy: research/sources/delegation-rubric-red-yellow-green.md
    sha256: 8769b1c8f43ecc08c64ddec8a9a426fcc1b7536d138571a3705e7b02928fbca1
    lines: 403
    # The repository's own licence and owner: no pinned donor governs this file, so there is no
    # `attribution_donor`.
    license: MIT
    copyright: "Copyright (c) 2026 Eduardo Picazo"
    # W2 rulings and release scenarios cite exact ranges through the anchored-local route.
    cited_in_adaptations: true
  - id: slop-avoidance-agent-prs
    description: >-
      Report 2 of the same mission, "Slop Avoidance for Agent-Authored PRs: Detection, Prevention,
      and a Minimal Reference Setup". A captain-owned document supplied for this repository as a
      markdown export and reproduced byte-for-byte. research/dossiers/delegation.md cites it as
      S:L<start>-<end>.
    original_path: ~/orca/projects/firstmate/data/agent-kit-delegation-research/inputs/report-2-slop-avoidance-setup.md
    working_copy: research/sources/slop-avoidance-agent-prs.md
    sha256: 6930d04f3bf49b31f543a9afec9c33feb42961e257d8f9a05c0044f9728a112b
    lines: 310
    license: MIT
    copyright: "Copyright (c) 2026 Eduardo Picazo"
    # W2 rulings and release scenarios cite exact ranges through the anchored-local route.
    cited_in_adaptations: true
  - id: mission-brief-risk-tiering-and-slop-avoidance
    description: >-
      The captain-written mission brief "Risk Tiering and Slop Avoidance", reproduced byte-for-byte.
      It sets the requirement boundaries and dispositions research/dossiers/delegation.md records,
      which cites it as B:L<start>-<end>.
    original_path: ~/orca/projects/firstmate/data/agent-kit-delegation-research/inputs/mission-brief.md
    working_copy: research/sources/mission-brief-risk-tiering-and-slop-avoidance.md
    sha256: 90abd48e019f09ea3d58c11028148fc971dbefe145c70c0822364f15b1729b38
    lines: 231
    license: MIT
    copyright: "Copyright (c) 2026 Eduardo Picazo"
    cited_in_adaptations: true
  - id: verifier-seat-design-report
    description: >-
      The verifier-seat design report commissioned for agent-kit. It records the documented
      running-application behavior, the official documentation URLs, the host-neutral recipe
      adaptation, surface-specific evidence vocabulary and the truly-done predicate.
    original_path: ~/orca/projects/firstmate/data/agent-kit-verifier-seat-design/report.md
    working_copy: research/sources/verifier-seat-design-report.md
    sha256: 19f676e5ce53035aaa7c25653d743119aacfa5c15879421021b63100e9110dea
    lines: 568
    license: MIT
    copyright: "Copyright (c) 2026 Eduardo Picazo"
    cited_in_adaptations: true
  - id: mission-brief-constitution-support
    description: >-
      The captain-written mission brief for constitution support in agent-kit, reproduced with
      nine lines redacted and every other byte kept: the requester's name and organization, the
      organization's name, and the titles of two privately held source documents. Line numbers
      therefore match the private original. docs/decisions/0009-constitution-support.md and the
      ticket plan cite it as C:L<start>-<end>.
    original_path: ~/firstmate/data/ak-constitution/mission-brief.md
    working_copy: research/sources/mission-brief-constitution-support.md
    sha256: 0018dd4bd15819be4cb2a55ae5056ee22cdb0446da62907871e3d381a81eab82
    lines: 153
    license: MIT
    copyright: "Copyright (c) 2026 Eduardo Picazo"
    # No adaptations row cites it yet. The tickets ADR-0009 plans attribute each adapted file
    # through an anchored `local:` row when that file lands.
    cited_in_adaptations: false
